
Microsoft Visual Studio Solution File, Format Version 12.00
# Visual Studio Version 17
VisualStudioVersion = 17.0.31903.59
MinimumVisualStudioVersion = 10.0.40219.1
Project("{FAE04EC0-301F-11D3-BF4B-00C04F79EFBC}") = "DocMind.Api", "DocMind.Api\DocMind.Api.csproj", "{0807F72D-A79A-4E59-9B5F-41BDF4EB1F31}"
EndProject
Project("{FAE04EC0-301F-11D3-BF4B-00C04F79EFBC}") = "DocMind.Core", "DocMind.Core\DocMind.Core.csproj", "{9A9E165B-1EAB-4595-A71D-E81A4B63D4CF}"
EndProject
Project("{FAE04EC0-301F-11D3-BF4B-00C04F79EFBC}") = "DocMind.Tests", "DocMind.Tests\DocMind.Tests.csproj", "{BFB26240-F9B4-47DD-9F9A-A1A02F6182E6}"
EndProject
Global
	GlobalSection(SolutionConfigurationPlatforms) = preSolution
		Debug|Any CPU = Debug|Any CPU
		Debug|x64 = Debug|x64
		Debug|x86 = Debug|x86
		Release|Any CPU = Release|Any CPU
		Release|x64 = Release|x64
		Release|x86 = Release|x86
	EndGlobalSection
	GlobalSection(ProjectConfigurationPlatforms) = postSolution
		{0807F72D-A79A-4E59-9B5F-41BDF4EB1F31}.Debug|Any CPU.ActiveCfg = Debug|Any CPU
		{0807F72D-A79A-4E59-9B5F-41BDF4EB1F31}.Debug|Any CPU.Build.0 = Debug|Any CPU
		{0807F72D-A79A-4E59-9B5F-41BDF4EB1F31}.Debug|x64.ActiveCfg = Debug|Any CPU
		{0807F72D-A79A-4E59-9B5F-41BDF4EB1F31}.Debug|x64.Build.0 = Debug|Any CPU
		{0807F72D-A79A-4E59-9B5F-41BDF4EB1F31}.Debug|x86.ActiveCfg = Debug|Any CPU
		{0807F72D-A79A-4E59-9B5F-41BDF4EB1F31}.Debug|x86.Build.0 = Debug|Any CPU
		{0807F72D-A79A-4E59-9B5F-41BDF4EB1F31}.Release|Any CPU.ActiveCfg = Release|Any CPU
		{0807F72D-A79A-4E59-9B5F-41BDF4EB1F31}.Release|Any CPU.Build.0 = Release|Any CPU
		{0807F72D-A79A-4E59-9B5F-41BDF4EB1F31}.Release|x64.ActiveCfg = Release|Any CPU
		{0807F72D-A79A-4E59-9B5F-41BDF4EB1F31}.Release|x64.Build.0 = Release|Any CPU
		{0807F72D-A79A-4E59-9B5F-41BDF4EB1F31}.Release|x86.ActiveCfg = Release|Any CPU
		{0807F72D-A79A-4E59-9B5F-41BDF4EB1F31}.Release|x86.Build.0 = Release|Any CPU
		{9A9E165B-1EAB-4595-A71D-E81A4B63D4CF}.Debug|Any CPU.ActiveCfg = Debug|Any CPU
		{9A9E165B-1EAB-4595-A71D-E81A4B63D4CF}.Debug|Any CPU.Build.0 = Debug|Any CPU
		{9A9E165B-1EAB-4595-A71D-E81A4B63D4CF}.Debug|x64.ActiveCfg = Debug|Any CPU
		{9A9E165B-1EAB-4595-A71D-E81A4B63D4CF}.Debug|x64.Build.0 = Debug|Any CPU
		{9A9E165B-1EAB-4595-A71D-E81A4B63D4CF}.Debug|x86.ActiveCfg = Debug|Any CPU
		{9A9E165B-1EAB-4595-A71D-E81A4B63D4CF}.Debug|x86.Build.0 = Debug|Any CPU
		{9A9E165B-1EAB-4595-A71D-E81A4B63D4CF}.Release|Any CPU.ActiveCfg = Release|Any CPU
		{9A9E165B-1EAB-4595-A71D-E81A4B63D4CF}.Release|Any CPU.Build.0 = Release|Any CPU
		{9A9E165B-1EAB-4595-A71D-E81A4B63D4CF}.Release|x64.ActiveCfg = Release|Any CPU
		{9A9E165B-1EAB-4595-A71D-E81A4B63D4CF}.Release|x64.Build.0 = Release|Any CPU
		{9A9E165B-1EAB-4595-A71D-E81A4B63D4CF}.Release|x86.ActiveCfg = Release|Any CPU
		{9A9E165B-1EAB-4595-A71D-E81A4B63D4CF}.Release|x86.Build.0 = Release|Any CPU
		{BFB26240-F9B4-47DD-9F9A-A1A02F6182E6}.Debug|Any CPU.ActiveCfg = Debug|Any CPU
		{BFB26240-F9B4-47DD-9F9A-A1A02F6182E6}.Debug|Any CPU.Build.0 = Debug|Any CPU
		{BFB26240-F9B4-47DD-9F9A-A1A02F6182E6}.Debug|x64.ActiveCfg = Debug|Any CPU
		{BFB26240-F9B4-47DD-9F9A-A1A02F6182E6}.Debug|x64.Build.0 = Debug|Any CPU
		{BFB26240-F9B4-47DD-9F9A-A1A02F6182E6}.Debug|x86.ActiveCfg = Debug|Any CPU
		{BFB26240-F9B4-47DD-9F9A-A1A02F6182E6}.Debug|x86.Build.0 = Debug|Any CPU
		{BFB26240-F9B4-47DD-9F9A-A1A02F6182E6}.Release|Any CPU.ActiveCfg = Release|Any CPU
		{BFB26240-F9B4-47DD-9F9A-A1A02F6182E6}.Release|Any CPU.Build.0 = Release|Any CPU
		{BFB26240-F9B4-47DD-9F9A-A1A02F6182E6}.Release|x64.ActiveCfg = Release|Any CPU
		{BFB26240-F9B4-47DD-9F9A-A1A02F6182E6}.Release|x64.Build.0 = Release|Any CPU
		{BFB26240-F9B4-47DD-9F9A-A1A02F6182E6}.Release|x86.ActiveCfg = Release|Any CPU
		{BFB26240-F9B4-47DD-9F9A-A1A02F6182E6}.Release|x86.Build.0 = Release|Any CPU
	EndGlobalSection
	GlobalSection(SolutionProperties) = preSolution
		HideSolutionNode = FALSE
	EndGlobalSection
EndGlobal
